
Microsoft Visual Studio Solution File, Format Version 12.00
# Visual Studio Version 17
VisualStudioVersion = 17.7.34018.315
MinimumVisualStudioVersion = 10.0.40219.1
Project("{9A19103F-16F7-4668-BE54-9A1E7A4F7556}") = "MoviesWebAPI", "MoviesWebAPI\MoviesWebAPI.csproj", "{F69104B5-9A9F-4143-991F-C41C10BB9F77}"
EndProject
Global
	GlobalSection(SolutionConfigurationPlatforms) = preSolution
		Debug|Any CPU = Debug|Any CPU
		Release|Any CPU = Release|Any CPU
	EndGlobalSection
	GlobalSection(ProjectConfigurationPlatforms) = postSolution
		{F69104B5-9A9F-4143-991F-C41C10BB9F77}.Debug|Any CPU.ActiveCfg = Debug|Any CPU
		{F69104B5-9A9F-4143-991F-C41C10BB9F77}.Debug|Any CPU.Build.0 = Debug|Any CPU
		{F69104B5-9A9F-4143-991F-C41C10BB9F77}.Release|Any CPU.ActiveCfg = Release|Any CPU
		{F69104B5-9A9F-4143-991F-C41C10BB9F77}.Release|Any CPU.Build.0 = Release|Any CPU
	EndGlobalSection
	GlobalSection(SolutionProperties) = preSolution
		HideSolutionNode = FALSE
	EndGlobalSection
	GlobalSection(ExtensibilityGlobals) = postSolution
		SolutionGuid = {5C668250-C546-4A72-B79C-80F46C6BE18C}
	EndGlobalSection
EndGlobal
